
Microsoft Visual Studio Solution File, Format Version 12.00
# Visual Studio Version 17
VisualStudioVersion = 17.14.36511.14
MinimumVisualStudioVersion = 10.0.40219.1
Project("{FAE04EC0-301F-11D3-BF4B-00C04F79EFBC}") = "KH2AiTutor", "KH2AiTutor\KH2AiTutor\KH2AiTutor.csproj", "{F9F5A2A0-B435-44F7-95FC-EB69E6E9F46B}"
EndProject
Project("{FAE04EC0-301F-11D3-BF4B-00C04F79EFBC}") = "KH2AiTutor.Client", "KH2AiTutor\KH2AiTutor.Client\KH2AiTutor.Client.csproj", "{55D7E6B4-8EF3-413D-BBDA-81087D2CCA65}"
EndProject
Global
	GlobalSection(SolutionConfigurationPlatforms) = preSolution
		Debug|Any CPU = Debug|Any CPU
		Release|Any CPU = Release|Any CPU
	EndGlobalSection
	GlobalSection(ProjectConfigurationPlatforms) = postSolution
		{F9F5A2A0-B435-44F7-95FC-EB69E6E9F46B}.Debug|Any CPU.ActiveCfg = Debug|Any CPU
		{F9F5A2A0-B435-44F7-95FC-EB69E6E9F46B}.Debug|Any CPU.Build.0 = Debug|Any CPU
		{F9F5A2A0-B435-44F7-95FC-EB69E6E9F46B}.Release|Any CPU.ActiveCfg = Release|Any CPU
		{F9F5A2A0-B435-44F7-95FC-EB69E6E9F46B}.Release|Any CPU.Build.0 = Release|Any CPU
		{55D7E6B4-8EF3-413D-BBDA-81087D2CCA65}.Debug|Any CPU.ActiveCfg = Debug|Any CPU
		{55D7E6B4-8EF3-413D-BBDA-81087D2CCA65}.Debug|Any CPU.Build.0 = Debug|Any CPU
		{55D7E6B4-8EF3-413D-BBDA-81087D2CCA65}.Release|Any CPU.ActiveCfg = Release|Any CPU
		{55D7E6B4-8EF3-413D-BBDA-81087D2CCA65}.Release|Any CPU.Build.0 = Release|Any CPU
	EndGlobalSection
	GlobalSection(SolutionProperties) = preSolution
		HideSolutionNode = FALSE
	EndGlobalSection
	GlobalSection(ExtensibilityGlobals) = postSolution
		SolutionGuid = {A9BBBAF9-E2D9-4C68-92A6-8D3390E2C3A8}
	EndGlobalSection
EndGlobal
