
Microsoft Visual Studio Solution File, Format Version 12.00
# Visual Studio Version 17
VisualStudioVersion = 17.14.36511.14
MinimumVisualStudioVersion = 10.0.40219.1
Project("{FAE04EC0-301F-11D3-BF4B-00C04F79EFBC}") = "KH2AiTutorWeb", "KH2AiTutorWeb\KH2AiTutorWeb.csproj", "{102FB410-F794-40A0-8F52-9507907DEA41}"
EndProject
Global
	GlobalSection(SolutionConfigurationPlatforms) = preSolution
		Debug|Any CPU = Debug|Any CPU
		Release|Any CPU = Release|Any CPU
	EndGlobalSection
	GlobalSection(ProjectConfigurationPlatforms) = postSolution
		{102FB410-F794-40A0-8F52-9507907DEA41}.Debug|Any CPU.ActiveCfg = Debug|Any CPU
		{102FB410-F794-40A0-8F52-9507907DEA41}.Debug|Any CPU.Build.0 = Debug|Any CPU
		{102FB410-F794-40A0-8F52-9507907DEA41}.Release|Any CPU.ActiveCfg = Release|Any CPU
		{102FB410-F794-40A0-8F52-9507907DEA41}.Release|Any CPU.Build.0 = Release|Any CPU
	EndGlobalSection
	GlobalSection(SolutionProperties) = preSolution
		HideSolutionNode = FALSE
	EndGlobalSection
	GlobalSection(ExtensibilityGlobals) = postSolution
		SolutionGuid = {A9BBBAF9-E2D9-4C68-92A6-8D3390E2C3A8}
	EndGlobalSection
EndGlobal
